// !$*UTF8*$!
{
	archiveVersion = 1;
	classes = {
	};
	objectVersion = 46;
	objects = {

/* Begin PBXBuildFile section */
		49A87CCF202B4AE300B0B88D /* AppDelegate.swift in Sources */ = {isa = PBXBuildFile; fileRef = 49A87CCE202B4AE300B0B88D /* AppDelegate.swift */; };
		49A87CD1202B4AE300B0B88D /* ViewController.swift in Sources */ = {isa = PBXBuildFile; fileRef = 49A87CD0202B4AE300B0B88D /* ViewController.swift */; };
		49A87CD4202B4AE300B0B88D /* Main.storyboard in Resources */ = {isa = PBXBuildFile; fileRef = 49A87CD2202B4AE300B0B88D /* Main.storyboard */; };
		49A87CD6202B4AE300B0B88D /* Assets.xcassets in Resources */ = {isa = PBXBuildFile; fileRef = 49A87CD5202B4AE300B0B88D /* Assets.xcassets */; };
		49A87CD9202B4AE300B0B88D /* LaunchScreen.storyboard in Resources */ = {isa = PBXBuildFile; fileRef = 49A87CD7202B4AE300B0B88D /* LaunchScreen.storyboard */; };
		49A87CE2202B4BA100B0B88D /* emptyHeart.png in Resources */ = {isa = PBXBuildFile; fileRef = 49A87CE0202B4BA100B0B88D /* emptyHeart.png */; };
		49A87CE3202B4BA100B0B88D /* filledHeart.png in Resources */ = {isa = PBXBuildFile; fileRef = 49A87CE1202B4BA100B0B88D /* filledHeart.png */; };
		49A87CE5202B4C9100B0B88D /* Artist.swift in Sources */ = {isa = PBXBuildFile; fileRef = 49A87CE4202B4C9100B0B88D /* Artist.swift */; };
		49A87CE7202B4D4200B0B88D /* Stage.swift in Sources */ = {isa = PBXBuildFile; fileRef = 49A87CE6202B4D4200B0B88D /* Stage.swift */; };
		49A87CE9202B4E5200B0B88D /* Genre.swift in Sources */ = {isa = PBXBuildFile; fileRef = 49A87CE8202B4E5200B0B88D /* Genre.swift */; };
		49A87CEB202B4FA200B0B88D /* AllArtists.swift in Sources */ = {isa = PBXBuildFile; fileRef = 49A87CEA202B4FA200B0B88D /* AllArtists.swift */; };
/* End PBXBuildFile section */

/* Begin PBXFileReference section */
		49A87CCB202B4AE300B0B88D /* iOSFirstApp.app */ = {isa = PBXFileReference; explicitFileType = wrapper.application; includeInIndex = 0; path = iOSFirstApp.app; sourceTree = BUILT_PRODUCTS_DIR; };
		49A87CCE202B4AE300B0B88D /* AppDelegate.swift */ = {isa = PBXFileReference; lastKnownFileType = sourcecode.swift; path = AppDelegate.swift; sourceTree = "<group>"; };
		49A87CD0202B4AE300B0B88D /* ViewController.swift */ = {isa = PBXFileReference; lastKnownFileType = sourcecode.swift; path = ViewController.swift; sourceTree = "<group>"; };
		49A87CD3202B4AE300B0B88D /* Base */ = {isa = PBXFileReference; lastKnownFileType = file.storyboard; name = Base; path = Base.lproj/Main.storyboard; sourceTree = "<group>"; };
		49A87CD5202B4AE300B0B88D /* Assets.xcassets */ = {isa = PBXFileReference; lastKnownFileType = folder.assetcatalog; path = Assets.xcassets; sourceTree = "<group>"; };
		49A87CD8202B4AE300B0B88D /* Base */ = {isa = PBXFileReference; lastKnownFileType = file.storyboard; name = Base; path = Base.lproj/LaunchScreen.storyboard; sourceTree = "<group>"; };
		49A87CDA202B4AE300B0B88D /* Info.plist */ = {isa = PBXFileReference; lastKnownFileType = text.plist.xml; path = Info.plist; sourceTree = "<group>"; };
		49A87CE0202B4BA100B0B88D /* emptyHeart.png */ = {isa = PBXFileReference; lastKnownFileType = image.png; name = emptyHeart.png; path = ../../../Downloads/Untitled_Message/emptyHeart.png; sourceTree = "<group>"; };
		49A87CE1202B4BA100B0B88D /* filledHeart.png */ = {isa = PBXFileReference; lastKnownFileType = image.png; name = filledHeart.png; path = ../../../Downloads/Untitled_Message/filledHeart.png; sourceTree = "<group>"; };
		49A87CE4202B4C9100B0B88D /* Artist.swift */ = {isa = PBXFileReference; fileEncoding = 4; lastKnownFileType = sourcecode.swift; path = Artist.swift; sourceTree = "<group>"; };
		49A87CE6202B4D4200B0B88D /* Stage.swift */ = {isa = PBXFileReference; fileEncoding = 4; lastKnownFileType = sourcecode.swift; path = Stage.swift; sourceTree = "<group>"; };
		49A87CE8202B4E5200B0B88D /* Genre.swift */ = {isa = PBXFileReference; fileEncoding = 4; lastKnownFileType = sourcecode.swift; path = Genre.swift; sourceTree = "<group>"; };
		49A87CEA202B4FA200B0B88D /* AllArtists.swift */ = {isa = PBXFileReference; fileEncoding = 4; lastKnownFileType = sourcecode.swift; path = AllArtists.swift; sourceTree = "<group>"; };
/* End PBXFileReference section */

/* Begin PBXFrameworksBuildPhase section */
		49A87CC8202B4AE300B0B88D /* Frameworks */ = {
			isa = PBXFrameworksBuildPhase;
			buildActionMask = 2147483647;
			files = (
			);
			runOnlyForDeploymentPostprocessing = 0;
		};
/* End PBXFrameworksBuildPhase section */

/* Begin PBXGroup section */
		49A87CC2202B4AE300B0B88D = {
			isa = PBXGroup;
			children = (
				49A87CCD202B4AE300B0B88D /* iOSFirstApp */,
				49A87CCC202B4AE300B0B88D /* Products */,
			);
			sourceTree = "<group>";
		};
		49A87CCC202B4AE300B0B88D /* Products */ = {
			isa = PBXGroup;
			children = (
				49A87CCB202B4AE300B0B88D /* iOSFirstApp.app */,
			);
			name = Products;
			sourceTree = "<group>";
		};
		49A87CCD202B4AE300B0B88D /* iOSFirstApp */ = {
			isa = PBXGroup;
			children = (
				49A87CE0202B4BA100B0B88D /* emptyHeart.png */,
				49A87CE1202B4BA100B0B88D /* filledHeart.png */,
				49A87CE8202B4E5200B0B88D /* Genre.swift */,
				49A87CE6202B4D4200B0B88D /* Stage.swift */,
				49A87CE4202B4C9100B0B88D /* Artist.swift */,
				49A87CEA202B4FA200B0B88D /* AllArtists.swift */,
				49A87CCE202B4AE300B0B88D /* AppDelegate.swift */,
				49A87CD0202B4AE300B0B88D /* ViewController.swift */,
				49A87CD2202B4AE300B0B88D /* Main.storyboard */,
				49A87CD5202B4AE300B0B88D /* Assets.xcassets */,
				49A87CD7202B4AE300B0B88D /* LaunchScreen.storyboard */,
				49A87CDA202B4AE300B0B88D /* Info.plist */,
			);
			path = iOSFirstApp;
			sourceTree = "<group>";
		};
/* End PBXGroup section */

/* Begin PBXNativeTarget section */
		49A87CCA202B4AE300B0B88D /* iOSFirstApp */ = {
			isa = PBXNativeTarget;
			buildConfigurationList = 49A87CDD202B4AE300B0B88D /* Build configuration list for PBXNativeTarget "iOSFirstApp" */;
			buildPhases = (
				49A87CC7202B4AE300B0B88D /* Sources */,
				49A87CC8202B4AE300B0B88D /* Frameworks */,
				49A87CC9202B4AE300B0B88D /* Resources */,
			);
			buildRules = (
			);
			dependencies = (
			);
			name = iOSFirstApp;
			productName = iOSFirstApp;
			productReference = 49A87CCB202B4AE300B0B88D /* iOSFirstApp.app */;
			productType = "com.apple.product-type.application";
		};
/* End PBXNativeTarget section */

/* Begin PBXProject section */
		49A87CC3202B4AE300B0B88D /* Project object */ = {
			isa = PBXProject;
			attributes = {
				LastSwiftUpdateCheck = 0820;
				LastUpgradeCheck = 0820;
				ORGANIZATIONNAME = EhB;
				TargetAttributes = {
					49A87CCA202B4AE300B0B88D = {
						CreatedOnToolsVersion = 8.2.1;
						ProvisioningStyle = Automatic;
					};
				};
			};
			buildConfigurationList = 49A87CC6202B4AE300B0B88D /* Build configuration list for PBXProject "iOSFirstApp" */;
			compatibilityVersion = "Xcode 3.2";
			developmentRegion = English;
			hasScannedForEncodings = 0;
			knownRegions = (
				en,
				Base,
			);
			mainGroup = 49A87CC2202B4AE300B0B88D;
			productRefGroup = 49A87CCC202B4AE300B0B88D /* Products */;
			projectDirPath = "";
			projectRoot = "";
			targets = (
				49A87CCA202B4AE300B0B88D /* iOSFirstApp */,
			);
		};
/* End PBXProject section */

/* Begin PBXResourcesBuildPhase section */
		49A87CC9202B4AE300B0B88D /* Resources */ = {
			isa = PBXResourcesBuildPhase;
			buildActionMask = 2147483647;
			files = (
				49A87CE2202B4BA100B0B88D /* emptyHeart.png in Resources */,
				49A87CD9202B4AE300B0B88D /* LaunchScreen.storyboard in Resources */,
				49A87CD6202B4AE300B0B88D /* Assets.xcassets in Resources */,
				49A87CE3202B4BA100B0B88D /* filledHeart.png in Resources */,
				49A87CD4202B4AE300B0B88D /* Main.storyboard in Resources */,
			);
			runOnlyForDeploymentPostprocessing = 0;
		};
/* End PBXResourcesBuildPhase section */

/* Begin PBXSourcesBuildPhase section */
		49A87CC7202B4AE300B0B88D /* Sources */ = {
			isa = PBXSourcesBuildPhase;
			buildActionMask = 2147483647;
			files = (
				49A87CE5202B4C9100B0B88D /* Artist.swift in Sources */,
				49A87CD1202B4AE300B0B88D /* ViewController.swift in Sources */,
				49A87CEB202B4FA200B0B88D /* AllArtists.swift in Sources */,
				49A87CE7202B4D4200B0B88D /* Stage.swift in Sources */,
				49A87CCF202B4AE300B0B88D /* AppDelegate.swift in Sources */,
				49A87CE9202B4E5200B0B88D /* Genre.swift in Sources */,
			);
			runOnlyForDeploymentPostprocessing = 0;
		};
/* End PBXSourcesBuildPhase section */

/* Begin PBXVariantGroup section */
		49A87CD2202B4AE300B0B88D /* Main.storyboard */ = {
			isa = PBXVariantGroup;
			children = (
				49A87CD3202B4AE300B0B88D /* Base */,
			);
			name = Main.storyboard;
			sourceTree = "<group>";
		};
		49A87CD7202B4AE300B0B88D /* LaunchScreen.storyboard */ = {
			isa = PBXVariantGroup;
			children = (
				49A87CD8202B4AE300B0B88D /* Base */,
			);
			name = LaunchScreen.storyboard;
			sourceTree = "<group>";
		};
/* End PBXVariantGroup section */

/* Begin XCBuildConfiguration section */
		49A87CDB202B4AE300B0B88D /* Debug */ = {
			isa = XCBuildConfiguration;
			buildSettings = {
				ALWAYS_SEARCH_USER_PATHS = NO;
				CLANG_ANALYZER_NONNULL = YES;
				CLANG_CXX_LANGUAGE_STANDARD = "gnu++0x";
				CLANG_CXX_LIBRARY = "libc++";
				CLANG_ENABLE_MODULES = YES;
				CLANG_ENABLE_OBJC_ARC = YES;
				CLANG_WARN_BOOL_CONVERSION = YES;
				CLANG_WARN_CONSTANT_CONVERSION = YES;
				CLANG_WARN_DIRECT_OBJC_ISA_USAGE = YES_ERROR;
				CLANG_WARN_DOCUMENTATION_COMMENTS = YES;
				CLANG_WARN_EMPTY_BODY = YES;
				CLANG_WARN_ENUM_CONVERSION = YES;
				CLANG_WARN_INFINITE_RECURSION = YES;
				CLANG_WARN_INT_CONVERSION = YES;
				CLANG_WARN_OBJC_ROOT_CLASS = YES_ERROR;
				CLANG_WARN_SUSPICIOUS_MOVE = YES;
				CLANG_WARN_UNREACHABLE_CODE = YES;
				CLANG_WARN__DUPLICATE_METHOD_MATCH = YES;
				"CODE_SIGN_IDENTITY[sdk=iphoneos*]" = "iPhone Developer";
				COPY_PHASE_STRIP = NO;
				DEBUG_INFORMATION_FORMAT = dwarf;
				ENABLE_STRICT_OBJC_MSGSEND = YES;
				ENABLE_TESTABILITY = YES;
				GCC_C_LANGUAGE_STANDARD = gnu99;
				GCC_DYNAMIC_NO_PIC = NO;
				GCC_NO_COMMON_BLOCKS = YES;
				GCC_OPTIMIZATION_LEVEL = 0;
				GCC_PREPROCESSOR_DEFINITIONS = (
					"DEBUG=1",
					"$(inherited)",
				);
				GCC_WARN_64_TO_32_BIT_CONVERSION = YES;
				GCC_WARN_ABOUT_RETURN_TYPE = YES_ERROR;
				GCC_WARN_UNDECLARED_SELECTOR = YES;
				GCC_WARN_UNINITIALIZED_AUTOS = YES_AGGRESSIVE;
				GCC_WARN_UNUSED_FUNCTION = YES;
				GCC_WARN_UNUSED_VARIABLE = YES;
				IPHONEOS_DEPLOYMENT_TARGET = 10.2;
				MTL_ENABLE_DEBUG_INFO = YES;
				ONLY_ACTIVE_ARCH = YES;
				SDKROOT = iphoneos;
				SWIFT_ACTIVE_COMPILATION_CONDITIONS = DEBUG;
				SWIFT_OPTIMIZATION_LEVEL = "-Onone";
			};
			name = Debug;
		};
		49A87CDC202B4AE300B0B88D /* Release */ = {
			isa = XCBuildConfiguration;
			buildSettings = {
				ALWAYS_SEARCH_USER_PATHS = NO;
				CLANG_ANALYZER_NONNULL = YES;
				CLANG_CXX_LANGUAGE_STANDARD = "gnu++0x";
				CLANG_CXX_LIBRARY = "libc++";
				CLANG_ENABLE_MODULES = YES;
				CLANG_ENABLE_OBJC_ARC = YES;
				CLANG_WARN_BOOL_CONVERSION = YES;
				CLANG_WARN_CONSTANT_CONVERSION = YES;
				CLANG_WARN_DIRECT_OBJC_ISA_USAGE = YES_ERROR;
				CLANG_WARN_DOCUMENTATION_COMMENTS = YES;
				CLANG_WARN_EMPTY_BODY = YES;
				CLANG_WARN_ENUM_CONVERSION = YES;
				CLANG_WARN_INFINITE_RECURSION = YES;
				CLANG_WARN_INT_CONVERSION = YES;
				CLANG_WARN_OBJC_ROOT_CLASS = YES_ERROR;
				CLANG_WARN_SUSPICIOUS_MOVE = YES;
				CLANG_WARN_UNREACHABLE_CODE = YES;
				CLANG_WARN__DUPLICATE_METHOD_MATCH = YES;
				"CODE_SIGN_IDENTITY[sdk=iphoneos*]" = "iPhone Developer";
				COPY_PHASE_STRIP = NO;
				DEBUG_INFORMATION_FORMAT = "dwarf-with-dsym";
				ENABLE_NS_ASSERTIONS = NO;
				ENABLE_STRICT_OBJC_MSGSEND = YES;
				GCC_C_LANGUAGE_STANDARD = gnu99;
				GCC_NO_COMMON_BLOCKS = YES;
				GCC_WARN_64_TO_32_BIT_CONVERSION = YES;
				GCC_WARN_ABOUT_RETURN_TYPE = YES_ERROR;
				GCC_WARN_UNDECLARED_SELECTOR = YES;
				GCC_WARN_UNINITIALIZED_AUTOS = YES_AGGRESSIVE;
				GCC_WARN_UNUSED_FUNCTION = YES;
				GCC_WARN_UNUSED_VARIABLE = YES;
				IPHONEOS_DEPLOYMENT_TARGET = 10.2;
				MTL_ENABLE_DEBUG_INFO = NO;
				SDKROOT = iphoneos;
				SWIFT_OPTIMIZATION_LEVEL = "-Owholemodule";
				VALIDATE_PRODUCT = YES;
			};
			name = Release;
		};
		49A87CDE202B4AE300B0B88D /* Debug */ = {
			isa = XCBuildConfiguration;
			buildSettings = {
				ASSETCATALOG_COMPILER_APPICON_NAME = AppIcon;
				INFOPLIST_FILE = iOSFirstApp/Info.plist;
				LD_RUNPATH_SEARCH_PATHS = "$(inherited) @executable_path/Frameworks";
				PRODUCT_BUNDLE_IDENTIFIER = be.ehb.iOSFirstApp;
				PRODUCT_NAME = "$(TARGET_NAME)";
				SWIFT_VERSION = 3.0;
			};
			name = Debug;
		};
		49A87CDF202B4AE300B0B88D /* Release */ = {
			isa = XCBuildConfiguration;
			buildSettings = {
				ASSETCATALOG_COMPILER_APPICON_NAME = AppIcon;
				INFOPLIST_FILE = iOSFirstApp/Info.plist;
				LD_RUNPATH_SEARCH_PATHS = "$(inherited) @executable_path/Frameworks";
				PRODUCT_BUNDLE_IDENTIFIER = be.ehb.iOSFirstApp;
				PRODUCT_NAME = "$(TARGET_NAME)";
				SWIFT_VERSION = 3.0;
			};
			name = Release;
		};
/* End XCBuildConfiguration section */

/* Begin XCConfigurationList section */
		49A87CC6202B4AE300B0B88D /* Build configuration list for PBXProject "iOSFirstApp" */ = {
			isa = XCConfigurationList;
			buildConfigurations = (
				49A87CDB202B4AE300B0B88D /* Debug */,
				49A87CDC202B4AE300B0B88D /* Release */,
			);
			defaultConfigurationIsVisible = 0;
			defaultConfigurationName = Release;
		};
		49A87CDD202B4AE300B0B88D /* Build configuration list for PBXNativeTarget "iOSFirstApp" */ = {
			isa = XCConfigurationList;
			buildConfigurations = (
				49A87CDE202B4AE300B0B88D /* Debug */,
				49A87CDF202B4AE300B0B88D /* Release */,
			);
			defaultConfigurationIsVisible = 0;
		};
/* End XCConfigurationList section */
	};
	rootObject = 49A87CC3202B4AE300B0B88D /* Project object */;
}
